
Microsoft Visual Studio Solution File, Format Version 12.00
# Visual Studio Version 17
VisualStudioVersion = 17.10.34928.147
MinimumVisualStudioVersion = 10.0.40219.1
Project("{FAE04EC0-301F-11D3-BF4B-00C04F79EFBC}") = "TaskManagementSystem", "TaskManagementSystem\TaskManagementSystem.csproj", "{B654BF36-E019-4AE4-AA76-F18C7591E7BD}"
EndProject
Global
	GlobalSection(SolutionConfigurationPlatforms) = preSolution
		Debug|Any CPU = Debug|Any CPU
		Release|Any CPU = Release|Any CPU
	EndGlobalSection
	GlobalSection(ProjectConfigurationPlatforms) = postSolution
		{B654BF36-E019-4AE4-AA76-F18C7591E7BD}.Debug|Any CPU.ActiveCfg = Debug|Any CPU
		{B654BF36-E019-4AE4-AA76-F18C7591E7BD}.Debug|Any CPU.Build.0 = Debug|Any CPU
		{B654BF36-E019-4AE4-AA76-F18C7591E7BD}.Release|Any CPU.ActiveCfg = Release|Any CPU
		{B654BF36-E019-4AE4-AA76-F18C7591E7BD}.Release|Any CPU.Build.0 = Release|Any CPU
	EndGlobalSection
	GlobalSection(SolutionProperties) = preSolution
		HideSolutionNode = FALSE
	EndGlobalSection
	GlobalSection(ExtensibilityGlobals) = postSolution
		SolutionGuid = {08B085BA-1B4E-44F2-8219-D3B038207D3A}
	EndGlobalSection
EndGlobal
